
Microsoft Visual Studio Solution File, Format Version 12.00
# Visual Studio Version 17
VisualStudioVersion = 17.6.33829.357
MinimumVisualStudioVersion = 10.0.40219.1
Project("{FAE04EC0-301F-11D3-BF4B-00C04F79EFBC}") = "TMS_Project", "TMS_Project\TMS_Project.csproj", "{15E273B4-D4C3-4415-A408-85CF62B40FB3}"
EndProject
Global
	GlobalSection(SolutionConfigurationPlatforms) = preSolution
		Debug|Any CPU = Debug|Any CPU
		Release|Any CPU = Release|Any CPU
	EndGlobalSection
	GlobalSection(ProjectConfigurationPlatforms) = postSolution
		{15E273B4-D4C3-4415-A408-85CF62B40FB3}.Debug|Any CPU.ActiveCfg = Debug|Any CPU
		{15E273B4-D4C3-4415-A408-85CF62B40FB3}.Debug|Any CPU.Build.0 = Debug|Any CPU
		{15E273B4-D4C3-4415-A408-85CF62B40FB3}.Release|Any CPU.ActiveCfg = Release|Any CPU
		{15E273B4-D4C3-4415-A408-85CF62B40FB3}.Release|Any CPU.Build.0 = Release|Any CPU
	EndGlobalSection
	GlobalSection(SolutionProperties) = preSolution
		HideSolutionNode = FALSE
	EndGlobalSection
	GlobalSection(ExtensibilityGlobals) = postSolution
		SolutionGuid = {E70E2695-14C6-4E6A-A88A-A2B78E9084BF}
	EndGlobalSection
EndGlobal
